# THIS IS AN AUTOGENERATED FILE. DO NOT EDIT THIS FILE DIRECTLY.
# yarn lockfile v1


bower@>=1.8.8:
  version "1.8.12"
  resolved "https://registry.yarnpkg.com/bower/-/bower-1.8.12.tgz#44cfca2a5e04b8d9a066621e24c8b179d8ac321e"
  integrity sha512-u1xy9SrwwoPlgjuHNjhV+YUPVdqyBj2ALBxuzeIUKXaPI2i2xypGgxqXkuHcITGdi5yBj5JuXgyMvgiWiS1S3Q==
